- builtin.parameters.string:
    name: mri
    description: MRI for created block

- builtin.parameters.string:
    name: config_dir
    description: Where to store saved configs

- builtin.defines.docstring:
    value: |
      Simulated detector that writes HDF files for an x, y scan

- scanning.controllers.RunnableController:
    mri: $(mri)
    config_dir: $(config_dir)
    description: $(docstring)

- scanning.parts.DatasetTablePart:
    name: DSET

- demo.parts.FileWritePart:
    name: DET
    width: 320
    height: 240
