# The mri parameters should be passed when instantiating this Block. It is
# available for use in this file as $(mri)
- builtin.parameters.string:
    name: mri
    description: Malcolm resource id of the Block

# Define the docstring that appears in the docs for this Block, and put it in
# the $(docstring) variable for use in this file
- builtin.defines.docstring:
    value: Hardware Block with a greet() Method

# The Controller will create the Block for us
- builtin.controllers.BasicController:
    mri: $(mri)
    description: $(docstring)

# The Part will add a Method to the Block
- demo.parts.HelloPart:
    name: hello
