- builtin.parameters.string:
    name: mri
    description: MRI for created block

- builtin.parameters.string:
    name: config_dir
    description: Where to store saved configs

- builtin.parameters.string:
    name: initial_design
    description: Design to load at init
    default:

- builtin.defines.docstring:
    value: |
      Demo scan that drives:

      - MOT: A motion controller called $(hostname)-ML-MOT-01
      - INTERFERENCE: A detector like block called $(hostname)-ML-DET-01
      - RAMP: A detector like block called $(hostname)-ML-DET-02

- builtin.defines.cmd_string:
    name: hostname
    cmd: hostname -s

- scanning.controllers.RunnableController:
    mri: $(mri)
    config_dir: $(config_dir)
    template_designs: $(yamldir)/$(yamlname)_designs
    initial_design: $(initial_design)
    description: |
      Demo scan with a 2 detector and motor controller. The Interference
      detector makes an interesting pattern when scanning x and y in range -10
      to 10. The Ramping detector independantly makes a sawtooth ramp

- builtin.parts.LabelPart:

- scanning.parts.DatasetTablePart:
    name: DSET

- scanning.parts.SimultaneousAxesPart:

- scanning.parts.DetectorChildPart:
    name: INTERFERENCE
    mri: $(hostname)-ML-DET-01
    initial_visibility: True

- scanning.parts.DetectorChildPart:
    name: RAMP
    mri: $(hostname)-ML-DET-02
    initial_visibility: True

- demo.parts.MotionChildPart:
    name: MOT
    mri: $(hostname)-ML-MOT-01
    initial_visibility: True
