- builtin.parameters.string:
    name: mri_prefix
    description: Malcolm resource id of the Block and prefix for children

- builtin.parameters.string:
    name: pv_prefix
    description: PV prefix for driver and all plugins

- builtin.parameters.string:
    name: config_dir
    description: Where to store saved configs

- builtin.parameters.string:
    name: readout_time
    description: Readout time of the detector
    default: 43e-3

- builtin.defines.docstring:
    value: |
      Device block corresponding to ADTucsen + stat + pos + hdf writer.

      - Detector driver should have pv prefix $(pv_prefix):CAM
      - Pos should have pv prefix $(pv_prefix):POS
      - Stat should have pv prefix $(pv_prefix):STAT
      - HDF should have pv prefix $(pv_prefix):HDF5

- scanning.controllers.RunnableController:
    mri: $(mri_prefix)
    config_dir: $(config_dir)
    description: $(docstring)

- scanning.parts.ExposureDeadtimePart:
    name: DEADTIME
    readout_time: $(readout_time)

- ADTucsen.blocks.tucsen_driver_block:
    mri: $(mri_prefix):DRV
    prefix: $(pv_prefix):CAM

- ADTucsen.parts.TucsenDriverPart:
    name: DRV
    mri: $(mri_prefix):DRV

- ADCore.blocks.stats_plugin_block:
    mri: $(mri_prefix):STAT
    prefix: $(pv_prefix):STAT

- ADCore.parts.StatsPluginPart:
    name: STAT
    mri: $(mri_prefix):STAT

- ADCore.includes.filewriting_collection:
    pv_prefix: $(pv_prefix)
    mri_prefix: $(mri_prefix)
