- builtin.parameters.string:
    name: mri_prefix
    description: Malcolm resource id of the Block and prefix for children

- builtin.parameters.string:
    name: pv_prefix
    description: PV prefix for driver

- builtin.parameters.string:
    name: config_dir
    description: Where to store saved configs

- builtin.parameters.string:
    name: label
    description: Beamline specific label for the detector
    default: EtherCAT Continuous

- builtin.parameters.string:
    name: plugin_pv_suffix
    description: PV suffix for plugins
    default:

- builtin.parameters.string:
    name: gated_trigger
    description: Whether we send a gated signal to the reframe plugin
    default: False

- builtin.defines.docstring:
    value: |
      Device block corresponding to ADEthercat + reframe + pos + hdf writer. Used for
      continuous writing of EtherCAT data during a scan.

      - Camera driver should have pv prefix $(pv_prefix):DRV
      - Reframe should have pv prefix $(pv_prefix)$(plugin_pv_suffix):REFR
      - Pos plugin should have pv prefix $(pv_prefix)$(plugin_pv_suffix):POS
      - HDF plugin should have pv prefix $(pv_prefix)$(plugin_pv_suffix):HDF5

- scanning.controllers.RunnableController:
    mri: $(mri_prefix)
    config_dir: $(config_dir)
    description: |
      ADEthercat is the AreaDetector driver for ethercat modules

- builtin.parts.LabelPart:
    value: $(label)

- ADEthercat.blocks.ethercat_driver_block:
    mri: $(mri_prefix):DRV
    prefix: $(pv_prefix):DRV

- ADEthercat.parts.EthercatDriverPart:
    name: DRV
    mri: $(mri_prefix):DRV

- ADCore.includes.filewriting_collection:
    pv_prefix: $(pv_prefix)$(plugin_pv_suffix)
    mri_prefix: $(mri_prefix)

- adUtil.blocks.reframe_plugin_block:
    mri: $(mri_prefix):REFRAME
    prefix: $(pv_prefix)$(plugin_pv_suffix):REFR

- adUtil.parts.ReframePluginPart:
    name: REFRAME
    mri: $(mri_prefix):REFRAME
    sample_freq: 1000.0
    gated_trigger: $(gated_trigger)

- builtin.parts.IconPart:
    svg: $(yamldir)/../icons/ethercat-logo.svg
