- builtin.parameters.string:
    name: mriPrefix
    description: Malcolm resource id of the Block and prefix for children

- builtin.parameters.string:
    name: pvPrefix
    description: PV prefix for driver and all plugins

- builtin.parameters.string:
    name: configDir
    description: Where to store saved configs

- builtin.defines.docstring:
    value: |
      Device block corresponding to SimDetector + stat + pos + hdf writer.

      - Detector driver should have pv prefix $(pvPrefix):DET
      - Pos should have pv prefix $(pvPrefix):POS
      - Stat should have pv prefix $(pvPrefix):STAT
      - HDF should have pv prefix $(pvPrefix):HDF5

- scanning.controllers.RunnableController:
    mri: $(mriPrefix)
    configDir: $(configDir)
    description: $(docstring)

- ADCore.blocks.sim_detector_driver_block:
    mri: $(mriPrefix):DRV
    prefix: $(pvPrefix):DET

- ADCore.parts.SimDetectorDriverPart:
    name: DRV
    mri: $(mriPrefix):DRV
    readoutTime: 40e-6

- ADCore.blocks.stats_plugin_block:
    mri: $(mriPrefix):STAT
    prefix: $(pvPrefix):STAT

- ADCore.parts.StatsPluginPart:
    name: STAT
    mri: $(mriPrefix):STAT

- ADCore.includes.filewriting_collection:
    pvPrefix: $(pvPrefix)
    mriPrefix: $(mriPrefix)
