- builtin.parameters.string:
    name: mri
    description: Malcolm resource id of the Block

- builtin.parameters.string:
    name: prefix
    description: The root PV for all records

- builtin.defines.docstring:
    value: Hardware block corresponding to PVs used for Andor3 detector driver

- builtin.controllers.StatefulController:
    mri: $(mri)
    description: $(docstring)

- ADCore.includes.adbase_parts:
    prefix: $(prefix)

- ca.parts.CADoublePart:
    name: readoutTime
    description: |
      Time taken to read out each frame from the sCMOS.
      The detector automatically limits the acquire period to the
      exposure + the readout time.
    rbv: $(prefix):ReadoutTime
    widget: textupdate

- ca.parts.CADoublePart:
    name: arrayHeight
    description: |
      Height (number of pixel rows) recorded by the detector.
    rbv: $(prefix):ArraySizeY_RBV
    widget: textupdate

- ca.parts.CAChoicePart:
    name: shutterMode
    description: The Andor shutter mode on the camera.
    pv: $(prefix):A3ShutterMode
    rbvSuff: _RBV
    widget: combo
