- builtin.parameters.string:
    name: mri
    description: Malcolm resource id of the Block

- builtin.parameters.string:
    name: prefix
    description: The root PV for the all records
       
- builtin.controllers.StatefulController:
    mri: $(mri)
    description: Stupif block used to fake an HDF5 writer
