- builtin.parameters.string:
    name: mriPrefix
    description: Malcolm resource id of the Block and prefix for children

- builtin.parameters.string:
    name: pvPrefix
    description: PV prefix for driver and all plugins

- builtin.parameters.string:
    name: configDir
    description: Where to store saved configs

- scanning.controllers.RunnableController:
    mri: $(mriPrefix)
    configDir: $(configDir)

- excalibur.blocks.fem_detector_runnable_block:
    mriPrefix: $(mriPrefix):1
    pvPrefix: $(pvPrefix):1
    configDir: $(configDir)

- excalibur.blocks.fem_detector_runnable_block:
    mriPrefix: $(mriPrefix):2
    pvPrefix: $(pvPrefix):2
    configDir: $(configDir)

- excalibur.blocks.fem_detector_runnable_block:
    mriPrefix: $(mriPrefix):3
    pvPrefix: $(pvPrefix):3
    configDir: $(configDir)

- excalibur.blocks.fem_detector_runnable_block:
    mriPrefix: $(mriPrefix):4
    pvPrefix: $(pvPrefix):4
    configDir: $(configDir)

- excalibur.blocks.fem_detector_runnable_block:
    mriPrefix: $(mriPrefix):5
    pvPrefix: $(pvPrefix):5
    configDir: $(configDir)

- excalibur.blocks.fem_detector_runnable_block:
    mriPrefix: $(mriPrefix):6
    pvPrefix: $(pvPrefix):6
    configDir: $(configDir)

- excalibur.parts.FemChildPart:
    name: FEM1
    mri: $(mriPrefix):1

- excalibur.parts.FemChildPart:
    name: FEM2
    mri: $(mriPrefix):2

- excalibur.parts.FemChildPart:
    name: FEM3
    mri: $(mriPrefix):3

- excalibur.parts.FemChildPart:
    name: FEM4
    mri: $(mriPrefix):4

- excalibur.parts.FemChildPart:
    name: FEM5
    mri: $(mriPrefix):5

- excalibur.parts.FemChildPart:
    name: FEM6
    mri: $(mriPrefix):6

- excalibur.blocks.excalibur_detector_driver_block:
    mri: $(mriPrefix):MASTER
    prefix: $(pvPrefix):CONFIG:ACQUIRE

- excalibur.parts.ExcaliburDriverPart:
    name: CONFIG
    mri: $(mriPrefix):MASTER
    readoutTime: 12e-6

- excalibur.parts.VDSWrapperPart:
    name: VDS
    dataType: int32
    stripeHeight: 259
    stripeWidth: 2069

- ADCore.parts.DatasetTablePart:
    name: DSET

- excalibur.blocks.excalibur_munge_block:
   mri: $(mriPrefix):MUNGE
   prefix: $(pvPrefix):MUNGE

- excalibur.parts.ExcaliburFileMungePart:
    name: MUNGE
    mri: $(mriPrefix):MUNGE

