- builtin.parameters.string:
    name: mri
    description: Malcolm resource id of the Block

- builtin.parameters.string:
    name: prefix
    description: The root PV for the all records

- builtin.controllers.StatefulController:
    mri: $(mri)

- ADCore.includes.adbase_parts:
    prefix: $(prefix)
