- builtin.parameters.string:
    name: mri
    description: Malcolm resource id of the Block

- builtin.parameters.string:
    name: prefix
    description: The root PV for the all records

- builtin.controllers.StatefulController:
    mri: $(mri)

# This includes the input port
- ADCore.includes.ndpluginbase_parts:
    prefix: $(prefix)

- ca.parts.CALongPart:
    name: fillValue
    description: Fill value for gaps
    pv: $(prefix):GapFillConstant
    rbv_suff: _RBV
