- builtin.parameters.string:
    name: mri
    description: Malcolm resource id of the Block

- builtin.parameters.string:
    name: prefix
    description: The root PV for the all records

- builtin.controllers.StatefulController:
    mri: $(mri)

- ca.parts.CAActionPart:
    name: start
    description: Demand for starting acquisition
    pv: $(prefix):Acquire

- ca.parts.CAActionPart:
    name: stop
    description: Stop acquisition
    pv: $(prefix):StopAll
    value: 1

- ca.parts.CABooleanPart:
    name: acquiring
    description: If detector is currently acquiring
    rbv: $(prefix):Acquiring

- ca.parts.CABooleanPart:
    name: arrayCallbacks
    description: Whether to produce images or not
    pv: $(prefix):XBUF:ArrayCallbacks
    rbv_suffix: _RBV

- ca.parts.CALongPart:
    name: arrayCounter
    description: Reset unique id for next frame
    pv: $(prefix):XBUF:ArrayCounter

- ca.parts.CALongPart:
    name: arrayCounterReadback
    description: Current unique id number for frame
    rbv: $(prefix):XBUF:ArrayCounter_RBV

- ca.parts.CAChoicePart:
    name: collectMode
    description: set spectra or mapping
    pv: $(prefix):CollectMode
    rbv_suffix: _RBV

- ca.parts.CAChoicePart:
    name: pixelAdvanceMode
    description: pixel mode
    pv: $(prefix):PixelAdvanceMode
    rbv_suffix: _RBV

- ca.parts.CAChoicePart:
    name: presetMode
    description: Preset Mode
    pv: $(prefix):PresetMode

- ca.parts.CAChoicePart:
    name: ignoreGate
    description: Ignore Gate
    pv: $(prefix):IgnoreGate
    rbv_suffix: _RBV

- ca.parts.CALongPart:
    name: pixelsPerRun
    description: Pixels Per Run
    pv: $(prefix):PixelsPerRun
    rbv_suffix: _RBV

- ca.parts.CAChoicePart:
    name: autoPixelsPerBuffer
    description: Auto pixels per buffer
    pv: $(prefix):AutoPixelsPerBuffer
    rbv_suffix: _RBV

- ca.parts.CALongPart:
    name: binsInSpectrum
    description: bins in spectrum
    pv: $(prefix):MCA1.NUSE
    rbv: $(prefix):MCA1:NBINS

- ca.parts.CADoublePart:
    name: dxp1MaxEnergy
    description: MCA Max Energy
    pv: $(prefix):DXP1:MaxEnergy
    rbv_suffix: _RBV
    config: false

- ca.parts.CADoublePart:
    name: dxp2MaxEnergy
    description: MCA Max Energy
    pv: $(prefix):DXP2:MaxEnergy
    rbv_suffix: _RBV
    config: false

- ca.parts.CADoublePart:
    name: dxp3MaxEnergy
    description: MCA Max Energy
    pv: $(prefix):DXP3:MaxEnergy
    rbv_suffix: _RBV
    config: false

- ca.parts.CADoublePart:
    name: dxp4MaxEnergy
    description: MCA Max Energy
    pv: $(prefix):DXP4:MaxEnergy
    rbv_suffix: _RBV
    config: false    

- ca.parts.CALongPart:
    name: pixelsPerBuffer
    description: Pixels Per Buffer
    pv: $(prefix):PixelsPerBuffer
    rbv_suffix: _RBV

- ca.parts.CAChoicePart:
    name: inputLogicPolarity
    description: Input Logic Polarity
    pv: $(prefix):InputLogicPolarity
    rbv_suffix: _RBV

- ca.parts.CACharArrayPart:
    name: attributesFile
    description: Filename for NDAttributes
    pv: $(prefix):TX:NDAttributesFile
