- builtin.parameters.string:
    name: mri_prefix
    description: Malcolm resource id of the Block and prefix for children

- builtin.parameters.string:
    name: pv_prefix
    description: PV prefix for driver and all plugins

- builtin.parameters.string:
    name: config_dir
    description: Where to store saved configs

- builtin.parameters.string:
    name: label
    description: Beamline specific label for the detector
    default: xMap

- scanning.controllers.RunnableController:
    mri: $(mri_prefix)
    config_dir: $(config_dir)
    description: |
      The xMap is a multi-channel digital pulse processor

- builtin.parts.LabelPart:
    value: $(label)

- xmap.blocks.xmap_driver_block:
    mri: $(mri_prefix):DRV
    prefix: $(pv_prefix)

- xmap.parts.XmapDriverPart:
    name: DRV
    mri: $(mri_prefix):DRV
    runs_on_windows: true

- ADCore.blocks.stats_plugin_block:
    mri: $(mri_prefix):STAT
    prefix: $(pv_prefix):STAT1

- ADCore.parts.StatsPluginPart:
    name: STAT
    mri: $(mri_prefix):STAT

- ADCore.includes.filewriting_collection:
    pv_prefix: $(pv_prefix)
    mri_prefix: $(mri_prefix)

- ADCore.parts.FilepathTranslatorPart:
    name: WINPATH
    initial_windows_drive_letter: T
    initial_path_prefix: /dls
