- builtin.parameters.string:
    name: mri
    description: Malcolm resource id of the Block

- builtin.parameters.string:
      name: detector
      description: MRI of the detector to support 2 triggers per step

- builtin.controllers.BasicController:
    mri: $(mri)

- builtin.parts.BlockPart:
    name: detector
    description: Detector mri
    value: $(detector)
