- builtin.parameters.string:
    name: mri
    description: Malcolm resource id of the Block

- builtin.parameters.string:
    name: prefix
    description: Prefix for stats PVs

- stats.controllers.ProcessController:
    mri: $(mri)
    config_dir: /tmp
    prefix: $(prefix)

- builtin.parts.IconPart:
    svg: $(yamldir)/../../../../docs/malcolm-logo.svg