- builtin.parameters.string:
    name: mri
    description: Malcolm resource id of the Block

- builtin.parameters.string:
    name: prefix
    description: Prefix for stats PVs

- builtin.controllers.StatefulController:
    mri: $(mri)

- stats.parts.StatsPart:
    name: $(prefix)
    mri: $(mri)
    prefix: $(prefix)