- builtin.parameters.string:
    name: mri
    description: Malcolm resource id of the Block

- builtin.parameters.string:
    name: pv_prefix
    description: Prefix for stats PVs

- builtin.parameters.string:
    name: bl_prefix
    description: Beamline prefix (e.g. BLxxI) for IOCs

- stats.controllers.ProcessController:
    mri: $(mri)
    config_dir: /tmp
    prefix: $(pv_prefix)
    bl_prefix: $(bl_prefix)
    parse_iocs: True

- builtin.parts.IconPart:
    svg: $(yamldir)/../../../../docs/malcolm-logo.svg
