- builtin.parameters.string:
    name: mri_prefix
    description: Malcolm resource id of the Block and prefix for children

- builtin.parameters.string:
    name: pv_prefix
    description: PV prefix for driver and all plugins

- builtin.parameters.string:
    name: config_dir
    description: Where to store saved configs

- builtin.parameters.string:
    name: label
    description: Beamline specific label for the detector
    default: Merlin

- builtin.defines.docstring:
    value: |
      Device block corresponding to Merlin + stat + pos + hdf writer.

      - Detector driver should have pv prefix $(pv_prefix):DET
      - Pos should have pv prefix $(pv_prefix):POS
      - Stat should have pv prefix $(pv_prefix):STAT
      - HDF should have pv prefix $(pv_prefix):HDF5

- scanning.controllers.RunnableController:
    mri: $(mri_prefix)
    config_dir: $(config_dir)
    description: |
      Merlin is a photon counting detector based on the Medipix chip

- builtin.parts.LabelPart:
    value: $(label)

- ADMerlin.blocks.merlin_driver_block:
    mri: $(mri_prefix):DRV
    prefix: $(pv_prefix):DET

- ADCore.parts.DetectorDriverPart:
    name: DRV
    mri: $(mri_prefix):DRV

- scanning.parts.ExposureDeadtimePart:
    name: DEADTIME
    readout_time: 1e-3

- ADCore.blocks.stats_plugin_block:
    mri: $(mri_prefix):STAT
    prefix: $(pv_prefix):STAT

- ADCore.parts.StatsPluginPart:
    name: STAT
    mri: $(mri_prefix):STAT

- ADCore.includes.filewriting_collection:
    pv_prefix: $(pv_prefix)
    mri_prefix: $(mri_prefix)
