- builtin.parameters.string:
    name: mri
    description: Malcolm resource id of the Block

- builtin.parameters.string:
    name: prefix
    description: The root PV for the all records

- builtin.defines.docstring:
    value: Hardware block corresponding to PVs used for Merlin detector driver

- builtin.controllers.StatefulController:
    mri: $(mri)
    description: $(docstring)

- ADCore.includes.adbase_parts:
    prefix: $(prefix)


