- builtin.parameters.string:
    name: mri
    description: Malcolm resource id of the Block

- builtin.parameters.string:
    name: prefix
    description: The root PV for the all records

- builtin.parameters.string:
    name: post_acquire_status
    description: what state to expect when waiting for acquire status
    default: Idle

- builtin.parameters.string:
    name: num_images_pv_suffix
    description: The PV suffix for number of images if imageMode=Multiple
    default: NumImages

- builtin.parameters.string:
    name: fan_prefix
    description: The PV prefix for Eiger fan

- builtin.defines.docstring:
    value: Hardware block corresponding to PVs used for ADEiger detector driver

- builtin.controllers.StatefulController:
    mri: $(mri)
    description: $(docstring)

- ADCore.includes.adbase_parts:
    prefix: $(prefix)
    post_acquire_status: $(post_acquire_status)
    num_images_pv_suffix: NumTriggers

# Eiger number of images per series (i.e. per trigger)
- ca.parts.CALongPart:
    name: numImagesPerSeries
    description: Number of images per series
    pv: $(prefix):NumImages
    rbv_suffix: _RBV

# Eiger fan status
- ca.parts.CALongPart:
    name: fanStateReady
    description: Number of blocks per file
    rbv: $(fan_prefix):StateReady_RBV

# Eiger fan frames sent
- ca.parts.CALongPart:
    name: fanFramesSent
    description: Number of frames sent
    rbv: $(fan_prefix):FramesSent_RBV
