- builtin.parameters.string:
    name: mri
    description: Malcolm resource id of the Block

- builtin.parameters.string:
    name: panda
    description: Initial value of PandA mri we will configure

- builtin.parameters.string:
    name: pmac
    description: Initial value of PMAC mri holding the motors in the scan

- builtin.controllers.BasicController:
    mri: $(mri)

- builtin.parts.BlockPart:
    name: panda
    description: PandA mri we will configure
    value: $(panda)

- builtin.parts.BlockPart:
    name: pmac
    description: PMAC mri holding the motors taking part in the scan
    value: $(pmac)