- builtin.parameters.string:
    name: mriPrefix
    description: Malcolm resource id of the Block and prefix for children

- builtin.parameters.string:
    name: pvPrefix
    description: PV prefix for driver and all plugins

- builtin.parameters.string:
    name: hostname
    description: Hostname of the box
    default: localhost

- builtin.parameters.int32:
    name: port
    description: Port number of the server control
    default: 8888

- builtin.parameters.string:
    name: configDir
    description: Where to store saved configs

- ADPandABlocks.controllers.PandABlocksRunnableController:
    mri: $(mriPrefix)
    configDir: $(configDir)
    hostname: $(hostname)
    port: $(port)
    areaDetectorPrefix: $(pvPrefix):DRV

- ADCore.includes.filewriting_collection:
    pvPrefix: $(pvPrefix)
    mriPrefix: $(mriPrefix)
