- builtin.parameters.string:
    name: mri
    description: MRI for created block

- builtin.parameters.string:
    name: sim
    description: MRI for sim object

- builtin.parameters.string:
    name: configDir
    description: Where to store saved configs

- scanning.controllers.RunnableController:
    mri: $(mri)
    configDir: $(configDir)
    axesToMove: [stagex, stagey]

- ADCore.parts.DatasetTablePart:
    name: DSET

- ADCore.parts.DatasetRunnableChildPart:
    name: SIM
    mri: $(sim)
