- builtin.parameters.string:
    name: mri
    description: Malcolm resource id of the Block

- builtin.parameters.string:
    name: prefix
    description: The root PV for the Controller records

- builtin.controllers.StatefulController:
    mri: $(mri)

- ca.parts.CALongPart:
    name: i10
    description: Value of i10 (servo ticks)
    rbv: $(prefix):I10

- ca.parts.CAActionPart:
    name: pollAllNow
    description: Poll all variables in the PMAC to allow gpio etc to be valid
    pv: $(prefix):PollAllNow

# TODO: should be a bit field when we have one
- ca.parts.CALongPart:
    name: generalPurposeOutputs
    description: Current value of GPIO Output bits
    rbv: $(prefix):GPIO_OP_BITS
