- builtin.parameters.string:
    name: mri
    description: Malcolm resource id of the Block

- builtin.parameters.string:
    name: pv_prefix
    description: The root PV for the CS Controller records (including :CS)

- builtin.controllers.StatefulController:
    mri: $(mri)

- ca.parts.CAChoicePart:
    name: deferMoves
    description: Defer moves for this CS
    pv: $(pv_prefix):DeferMoves

- ca.parts.CADoublePart:
    name: csMoveTime
    description: Time to do a single deferred move
    pv: $(pv_prefix):CsMoveTime
    rbv_suffix: _RBV

- pmac.parts.CSSourcePortsPart:
    name: port
    rbv: $(pv_prefix):Port

- ca.parts.CAStringPart:
    name: pmac
    description: Port name of parent PMAC object
    rbv: $(pv_prefix):ParentPort
    sink_port: motor

- ca.parts.CAActionPart:
    name: abort
    description: Abort the current CS move
    pv: $(pv_prefix):Abort

- ca.parts.CACharArrayPart:
    name: qVariables
    description: values of this CS's q variables in the slow poll
    rbv: $(pv_prefix):Q_VARIABLES_RBV

- ca.parts.CACharArrayPart:
    name: forwardKinematic
    description: the forward kinematic code for this CS
    rbv: $(pv_prefix):FWD_KINEMATIC_RBV

- ca.parts.CACharArrayPart:
    name: inverseKinematic
    description: the insverse kinematic code for this CS
    rbv: $(pv_prefix):INV_KINEMATIC_RBV

# No timeouts on the following parts because they take an arbitrary motor move
# time to go
- ca.parts.CADoublePart:
    name: demandA
    description: set the demand position of CS Motor A
    pv: $(pv_prefix):M1:DirectDemand
    config: False
    timeout: -1

- ca.parts.CADoublePart:
    name: demandB
    description: set the demand position of CS Motor B
    pv: $(pv_prefix):M2:DirectDemand
    config: False
    timeout: -1

- ca.parts.CADoublePart:
    name: demandC
    description: set the demand position of CS Motor C
    pv: $(pv_prefix):M3:DirectDemand
    config: False
    timeout: -1

- ca.parts.CADoublePart:
    name: demandU
    description: set the demand position of CS Motor U
    pv: $(pv_prefix):M4:DirectDemand
    config: False
    timeout: -1

- ca.parts.CADoublePart:
    name: demandV
    description: set the demand position of CS Motor V
    pv: $(pv_prefix):M5:DirectDemand
    config: False
    timeout: -1

- ca.parts.CADoublePart:
    name: demandW
    description: set the demand position of CS Motor W
    pv: $(pv_prefix):M6:DirectDemand
    config: False
    timeout: -1

- ca.parts.CADoublePart:
    name: demandX
    description: set the demand position of CS Motor X
    pv: $(pv_prefix):M7:DirectDemand
    config: False
    timeout: -1

- ca.parts.CADoublePart:
    name: demandY
    description: set the demand position of CS Motor Y
    pv: $(pv_prefix):M8:DirectDemand
    config: False
    timeout: -1

- ca.parts.CADoublePart:
    name: demandZ
    description: set the demand position of CS Motor Z
    pv: $(pv_prefix):M9:DirectDemand
    config: False
    timeout: -1
