- builtin.parameters.string:
    name: mri
    description: Malcolm resource id of the Block

- builtin.parameters.string:
    name: prefix
    description: The root PV for the all records

- builtin.parameters.string:
    name: motor_prefix
    description: the root PV for the motor record (will eventually be prefix)

- builtin.parameters.string:
    name: scannable
    description: The scannable name for GDA of this motor

- builtin.parameters.float64:
    name: initial_velocity_settle
    description: Time in seconds for motor to settle at constant velocity
    default: 0.0

- builtin.controllers.StatefulController:
    mri: $(mri)

- pmac.includes.motor_records:
    prefix: $(motor_prefix)

- ca.parts.CAStringPart:
    name: csPort
    description: CS asyn port name
    pv: $(prefix):CsPort
    rbv_suff: _RBV
    inport: CS

- ca.parts.CAStringPart:
    name: csAxis
    description: CS axis definition (like X, B, 0 or I)
    pv: $(prefix):CsAxis
    rbv_suff: _RBV

- builtin.parts.StringPart:
    name: scannable
    description: Scannable name for motor
    writeable: True
    value: $(scannable)

- builtin.parts.Float64Part:
    name: velocitySettle
    description: Time in seconds for motor to settle at constant velocity
    writeable: True
    value: $(initial_velocity_settle)
