- builtin.parameters.string:
    name: mri
    description: Malcolm resource id of the Block

- builtin.parameters.string:
    name: prefix
    description: The root PV for the all records

- builtin.parameters.float64:
    name: initial_velocity_settle
    description: Time in seconds for motor to settle at constant velocity
    default: 0.0

- builtin.controllers.StatefulController:
    mri: $(mri)

- pmac.includes.motor_records:
    prefix: $(prefix)

- pmac.parts.RawMotorCSPart:
    name: cs
    prefix: $(prefix)

- builtin.parts.Float64Part:
    name: velocitySettle
    description: Time in seconds for motor to settle at constant velocity
    writeable: True
    value: $(initial_velocity_settle)
