- builtin.parameters.string:
    name: mri
    description: Malcolm resource id of the Block

- builtin.parameters.string:
    name: pv_prefix
    description: The root PV for the all records

- builtin.controllers.StatefulController:
    mri: $(mri)

- ADCore.includes.ndarraybase_parts:
    prefix: $(pv_prefix)

- ca.parts.CAActionPart:
    name: start
    description: Demand for starting acquisition
    pv: $(pv_prefix):Acquire

- ca.parts.CAActionPart:
    name: stop
    description: Stop acquisition
    pv: $(pv_prefix):Acquire
    value: 0
    wait: False

- ca.parts.CABooleanPart:
    name: acquiring
    description: If detector is currently acquiring
    rbv: $(pv_prefix):Acquire

- ca.parts.CAChoicePart:
    name: triggerMode
    description: What is triggering the detector to take frames
    pv: $(pv_prefix):TriggerMode
    rbv_suffix: _RBV

- ca.parts.CADoublePart:
    name: exposure
    description: Exposure time for each frame
    pv: $(pv_prefix):AveragingTime
    rbv_suffix: _RBV

- builtin.parts.Float64Part:
    name: acquirePeriod
    description: Duration of each frame including readout
    writeable: True
    precision: 6
    units: s

- ca.parts.CALongPart:
    name: valuesPerRead
    description: Number of samples in which the averaging is computed
    pv: $(pv_prefix):ValuesPerRead
    rbv_suffix: _RBV
