- builtin.parameters.string:
    name: mri_prefix
    description: Malcolm resource id of the Block and prefix for children

- builtin.parameters.string:
    name: pv_prefix
    description: PV prefix for driver and all plugins

- builtin.parameters.string:
    name: config_dir
    description: Where to store saved configs

- builtin.parameters.string:
    name: readout_time
    description: Readout time of the device
    default: 1e-3

- scanning.controllers.RunnableController:
    mri: $(mri_prefix)
    config_dir: $(config_dir)

- ADTetrAMM.blocks.tetrAMM_driver_block:
    mri: $(mri_prefix):DRV
    pv_prefix: $(pv_prefix):DRV

- ADTetrAMM.parts.TetrAMMDriverPart:
    name: TetrAMM
    mri: $(mri_prefix):DRV

- scanning.parts.ExposureDeadtimePart:
    name: DEADTIME
    readout_time: $(readout_time)

- ADCore.includes.filewriting_collection:
    pv_prefix: $(pv_prefix)
    mri_prefix: $(mri_prefix)
