- builtin.parameters.string:
    name: mri_prefix
    description: Malcolm resource id of the Block and prefix for children

- builtin.parameters.string:
    name: pv_prefix
    description: PV prefix for driver and all plugins

- builtin.parameters.string:
    name: config_dir
    description: Where to store saved configs

- builtin.parameters.string:
    name: label
    description: Beamline specific label for the detector
    default: pco

- builtin.parameters.string:
    name: windows_drive
    description: Windows drive letter for Linux path translation
    default: C

- builtin.parameters.string:
    name: path_prefix
    description: "Linux path base which is replaced with windows_drive letter"
    default: /dls

- builtin.parameters.string:
    name: readout_time
    description: Readout time of the detector
    default: 2e-3

- builtin.parameters.string:
    name: min_acquire_period
    description: Minimum acquire period of the detector
    default: 0.0

- builtin.defines.docstring:
    value: |
      Device block corresponding to PCO + stat + pos + hdf writer.

      - Camera driver should have pv prefix $(pv_prefix):CAM
      - Pos should have pv prefix $(pv_prefix):POS
      - Stat should have pv prefix $(pv_prefix):STAT
      - HDF should have pv prefix $(pv_prefix):HDF5

- scanning.controllers.RunnableController:
    mri: $(mri_prefix)
    config_dir: $(config_dir)
    description: |
      PCO is a Windows areaDetector driver wrapping the PCO SDK libraries

- builtin.parts.LabelPart:
    value: $(label)

- ADPco.blocks.pco_driver_block:
    mri: $(mri_prefix):DRV
    prefix: $(pv_prefix):CAM

- ADCore.parts.DetectorDriverPart:
    name: DRV
    mri: $(mri_prefix):DRV
    soft_trigger_modes:
        - Off
    runs_on_windows: True
    min_acquire_period: $(min_acquire_period)

- scanning.parts.ExposureDeadtimePart:
    name: DEADTIME
    readout_time: $(readout_time)

- ADCore.blocks.stats_plugin_block:
    mri: $(mri_prefix):STAT
    prefix: $(pv_prefix):STAT

- ADCore.parts.StatsPluginPart:
    name: STAT
    mri: $(mri_prefix):STAT
    runs_on_windows: True

- ADCore.includes.filewriting_collection:
    pv_prefix: $(pv_prefix)
    mri_prefix: $(mri_prefix)
    runs_on_windows: True

- ADCore.parts.FilepathTranslatorPart:
    name: WINPATH
    initial_windows_drive_letter: $(windows_drive)
    initial_path_prefix: $(path_prefix)
    initial_network_prefix: ''

#- builtin.parts.IconPart:
#    svg: $(yamldir)/../icons/Logo.svg
