- builtin.parameters.string:
    name: mriPrefix
    description: MRI for created block

- builtin.parameters.string:
    name: configDir
    description: Where to store saved configs

- scanning.controllers.RunnableController:
    mri: $(mriPrefix)
    configDir: $(configDir)

- pmac.includes.rawmotor_collection:
    mri: BL14I-ML-STAGE-01:XC
    prefix: BL14I-MO-STEP-14:M1
    motorPrefix: BL14I-MO-STAGE-01:XC
    scannable: stage1_x

- pmac.includes.rawmotor_collection:
    mri: BL14I-ML-STAGE-01:YC
    prefix: BL14I-MO-STEP-14:M2
    motorPrefix: BL14I-MO-STAGE-01:YC
    scannable: stage1_y

- pmac.includes.trajectory_collection:
    mri: $(mriPrefix):TRAJ
    prefix: BL14I-MO-STEP-14
    statPrefix: BL14I-MO-STEP-14
