- parameters.string:
    name: mri
    description: Malcolm resource id of the Block

- parameters.string:
    name: prefix
    description: The root PV for the all records

- controllers.builtin.StatefulController:
    mri: $(mri)

# This includes the input port
- includes.ADCore.ndpluginbase_parts:
    prefix: $(prefix)

- parts.ca.CABooleanPart:
    name: computeStatistics
    description: Compute min, max, mean, tot, sigma, net
    pv: $(prefix):ComputeStatistics
    rbvSuff: _RBV
    widget: checkbox
