- builtin.parameters.string:
    name: mri
    description: MRI for created block

- builtin.parameters.string:
    name: det
    description: MRI for detector DetectorManager object

- builtin.parameters.string:
    name: brick
    description: MRI for brick PMACManager object

- builtin.parameters.string:
    name: pandabox
    description: MRI for PandABoxManager object

- controllers.RunnableController:
    mri: $(mri)
    axesToMove: [table_x, table_y]
    configDir: /tmp/malcolm

- ADCore.parts.DatasetTablePart:
    name: DSET

- parts.pmac.PmacRunnableChildPart:
    name: BRICK
    mri: $(brick)

- ADCore.parts.DatasetRunnableChildPart:
    name: DET
    mri: $(det)

- ADCore.parts.DatasetRunnableChildPart:
    name: PANDABOX
    mri: $(pandabox)
