- builtin.parameters.string:
    name: mri
    description: MRI for created block

#- builtin.parameters.string:
#    name: det
#    description: MRI for detector DetectorManager object

- builtin.parameters.string:
    name: brick
    description: MRI for brick PMACManager object

- builtin.parameters.string:
    name: pandabox
    description: MRI for PandABoxManager object

- builtin.parameters.string:
    name: configDir
    description: Config dir for RunnableController object

- scanning.controllers.RunnableController:
    mri: $(mri)
    axesToMove: [SampleX, SampleY]
    configDir: $(configDir)

- ADCore.parts.DatasetTablePart:
    name: DSET

- BL08I.parts.BL08IScanCombinedPart:
    name: BRICK
    mri: $(brick)

#- ADCore.parts.DatasetRunnableChildPart:
#    name: DET
#    mri: $(det)

- ADCore.parts.DatasetRunnableChildPart:
    name: PANDABOX
    mri: $(pandabox)
