- builtin.parameters.string:
    name: mri
    description: Malcolm resource id of the Block and prefix for children

- builtin.parameters.string:
    name: hostname
    description: Hostname of the box
    default: localhost

- builtin.parameters.int32:
    name: port
    description: Port number of the server control
    default: 8888

- builtin.parameters.string:
    name: config_dir
    description: Where to store saved configs

- pandablocks.controllers.PandAManagerController:
    mri: $(mri)
    config_dir: $(config_dir)
    hostname: $(hostname)
    port: $(port)

- builtin.parts.IconPart:
    svg: $(yamldir)/../icons/PandA.svg