- builtin.parameters.string:
    name: mri
    description: Malcolm resource id of the Block

- builtin.parameters.string:
    name: prefix
    description: The root PV for the all records

- builtin.defines.docstring:
    value: |
      Hardware block corresponding to PVs used for NDFileHDF5

      - NDFileHDF5.template should have pv prefix $(prefix)

- builtin.controllers.StatefulController:
    mri: $(mri)
    description: $(docstring)

# This includes the input port
- ADCore.includes.ndpluginbase_parts:
    prefix: $(prefix)
    mri: $(mri)

- ca.parts.CAChoicePart:
    name: fileWriteMode
    description: Write single, capture then write, or stream as captured
    pv: $(prefix):FileWriteMode
    rbv_suffix: _RBV

- ca.parts.CABooleanPart:
    name: swmrMode
    description: Whether to write single writer multiple reader files
    pv: $(prefix):SWMRMode
    rbv_suffix: _RBV

- ca.parts.CABooleanPart:
    name: storeAttr
    description: Whether to write single writer multiple reader files
    pv: $(prefix):StoreAttr
    rbv_suffix: _RBV

- ca.parts.CABooleanPart:
    name: positionMode
    description: Whether to write in block got from attributes PosName<dim>
    pv: $(prefix):PositionMode
    rbv_suffix: _RBV

- ca.parts.CABooleanPart:
    name: dimAttDatasets
    description: Whether to write attributes in same dimensionality as data
    pv: $(prefix):DimAttDatasets
    rbv_suffix: _RBV

- ca.parts.CABooleanPart:
    name: lazyOpen
    description: If true then don't require a dummy frame to get dims
    pv: $(prefix):LazyOpen
    rbv_suffix: _RBV

- ca.parts.CALongPart:
    name: numCapture
    description: Number of frames to capture
    pv: $(prefix):NumCapture
    rbv_suffix: _RBV

- ca.parts.CALongPart:
    name: numCapturedReadback
    description: Number of frames captured
    rbv: $(prefix):NumCaptured_RBV

- ca.parts.CALongPart:
    name: flushDataPerNFrames
    description: Number of frames to capture between HDF dataset flushes
    pv: $(prefix):NumFramesFlush
    rbv_suffix: _RBV

- ca.parts.CALongPart:
    name: cacheFramesPerChunk
    description: Number of frames to capture between HDF dataset flushes
    pv: $(prefix):NumFramesChunks
    rbv_suffix: _RBV

- ca.parts.CALongPart:
    name: flushAttrPerNFrames
    description: Number of frames to capture between HDF attribute flushes
    pv: $(prefix):NDAttributeChunk
    rbv_suffix: _RBV

- ca.parts.CACharArrayPart:
    name: xmlLayout
    description: XML for layout
    pv: $(prefix):XMLFileName
    rbv_suffix: _RBV

- ca.parts.CABooleanPart:
    name: xmlLayoutValid
    description: Reports XML layout validity
    rbv: $(prefix):XMLValid_RBV

- ca.parts.CACharArrayPart:
    name: xmlErrorMsg
    description: XML layout error message
    rbv: $(prefix):XMLErrorMsg_RBV

# Filename
- ca.parts.CACharArrayPart:
    name: filePath
    description: Directory to write files into
    pv: $(prefix):FilePath
    rbv_suffix: _RBV

- ca.parts.CACharArrayPart:
    name: fileName
    description: Filename within directory
    pv: $(prefix):FileName
    rbv_suffix: _RBV

- ca.parts.CACharArrayPart:
    name: fileTemplate
    description: File template of full file path
    pv: $(prefix):FileTemplate
    rbv_suffix: _RBV

# Dimensionality
- ca.parts.CALongPart:
    name: numExtraDims
    description: How many extra dimensions. 0=(N,..), 1=(X,N,..), 2=(Y,X,N,..)
    pv: $(prefix):NumExtraDims
    rbv_suffix: _RBV

# Where to get dimensional indexes
- ca.parts.CAStringPart:
    name: posNameDimN
    description: NDAttribute that position labeller will write DimN index into
    pv: $(prefix):PosNameDimN
    rbv_suffix: _RBV

- ca.parts.CAStringPart:
    name: posNameDimX
    description: NDAttribute that position labeller will write DimX index into
    pv: $(prefix):PosNameDimX
    rbv_suffix: _RBV

- ca.parts.CAStringPart:
    name: posNameDimY
    description: NDAttribute that position labeller will write DimY index into
    pv: $(prefix):PosNameDimY
    rbv_suffix: _RBV

- ca.parts.CAStringPart:
    name: posNameDim3
    description: NDAttribute that position labeller will write Dim3 index into
    pv: $(prefix):PosNameDim3
    rbv_suffix: _RBV

- ca.parts.CAStringPart:
    name: posNameDim4
    description: NDAttribute that position labeller will write Dim4 index into
    pv: $(prefix):PosNameDim4
    rbv_suffix: _RBV

- ca.parts.CAStringPart:
    name: posNameDim5
    description: NDAttribute that position labeller will write Dim5 index into
    pv: $(prefix):PosNameDim5
    rbv_suffix: _RBV

- ca.parts.CAStringPart:
    name: posNameDim6
    description: NDAttribute that position labeller will write Dim6 index into
    pv: $(prefix):PosNameDim6
    rbv_suffix: _RBV

- ca.parts.CAStringPart:
    name: posNameDim7
    description: NDAttribute that position labeller will write Dim7 index into
    pv: $(prefix):PosNameDim7
    rbv_suffix: _RBV

- ca.parts.CAStringPart:
    name: posNameDim8
    description: NDAttribute that position labeller will write Dim8 index into
    pv: $(prefix):PosNameDim8
    rbv_suffix: _RBV

- ca.parts.CAStringPart:
    name: posNameDim9
    description: NDAttribute that position labeller will write Dim9 index into
    pv: $(prefix):PosNameDim9
    rbv_suffix: _RBV

# Size of dimension
- ca.parts.CALongPart:
    name: extraDimSizeN
    description: Size of HDF extra dimension N
    pv: $(prefix):ExtraDimSizeN
    rbv_suffix: _RBV

- ca.parts.CALongPart:
    name: extraDimSizeX
    description: Size of HDF extra dimension X
    pv: $(prefix):ExtraDimSizeX
    rbv_suffix: _RBV

- ca.parts.CALongPart:
    name: extraDimSizeY
    description: Size of HDF extra dimension Y
    pv: $(prefix):ExtraDimSizeY
    rbv_suffix: _RBV

- ca.parts.CALongPart:
    name: extraDimSize3
    description: Size of HDF extra dimension 3
    pv: $(prefix):ExtraDimSize3
    rbv_suffix: _RBV

- ca.parts.CALongPart:
    name: extraDimSize4
    description: Size of HDF extra dimension 4
    pv: $(prefix):ExtraDimSize4
    rbv_suffix: _RBV

- ca.parts.CALongPart:
    name: extraDimSize5
    description: Size of HDF extra dimension 5
    pv: $(prefix):ExtraDimSize5
    rbv_suffix: _RBV

- ca.parts.CALongPart:
    name: extraDimSize6
    description: Size of HDF extra dimension 6
    pv: $(prefix):ExtraDimSize6
    rbv_suffix: _RBV

- ca.parts.CALongPart:
    name: extraDimSize7
    description: Size of HDF extra dimension 7
    pv: $(prefix):ExtraDimSize7
    rbv_suffix: _RBV

- ca.parts.CALongPart:
    name: extraDimSize8
    description: Size of HDF extra dimension 8
    pv: $(prefix):ExtraDimSize8
    rbv_suffix: _RBV

- ca.parts.CALongPart:
    name: extraDimSize9
    description: Size of HDF extra dimension 9
    pv: $(prefix):ExtraDimSize9
    rbv_suffix: _RBV

- ca.parts.CAActionPart:
    name: start
    description: Demand for starting acquisition
    pv: $(prefix):Capture
    status_pv: $(prefix):WriteStatus
    good_status: Write OK

- ca.parts.CAActionPart:
    name: stop
    description: Demand for stopping acquisition
    pv: $(prefix):Capture
    value: 0
    wait: False

- ca.parts.CAActionPart:
    name: flushNow
    description: Demand for flushing the data and attributes
    pv: $(prefix):FlushNow
    wait: True

- ca.parts.CABooleanPart:
    name: running
    description: If detector is currently acquiring
    rbv: $(prefix):Capture_RBV

- ca.parts.CACharArrayPart:
    name: writeMessage
    description: Error message if in error
    rbv: $(prefix):WriteMessage
