- builtin.parameters.string:
    name: mri
    description: Malcolm resource id of the Block

- builtin.parameters.string:
    name: prefix
    description: The root PV for the all records

- builtin.defines.docstring:
    value: |
      Hardware block corresponding to PVs used for NDPluginStats plugin

      - NDStats.template should have pv prefix $(prefix)

- builtin.controllers.StatefulController:
    mri: $(mri)
    description: $(docstring)

# This includes the input port
- ADCore.includes.ndpluginbase_parts:
    prefix: $(prefix)
    mri: $(mri)

- ca.parts.CABooleanPart:
    name: computeStatistics
    description: Compute min, max, mean, tot, sigma, net
    pv: $(prefix):ComputeStatistics
    rbv_suffix: _RBV
