- builtin.parameters.string:
    name: mri_prefix
    description: MRI for created block

- builtin.parameters.string:
    name: config_dir
    description: Where to store saved configs

- builtin.controllers.ManagerController:
    mri: $(mri_prefix)
    config_dir: $(config_dir)

- pmac.includes.rawmotor_collection:
    mri: BL45P-ML-STAGE-01:X
    pv_prefix: BL45P-MO-MAP-01:STAGE:X
    scannable: x

- pmac.includes.rawmotor_collection:
    mri: BL45P-ML-STAGE-01:Y
    pv_prefix: BL45P-MO-MAP-01:STAGE:Y
    scannable: y

- pmac.includes.rawmotor_collection:
    mri: BL45P-ML-STAGE-01:Z
    pv_prefix: BL45P-MO-MAP-01:STAGE:Z
    scannable: z

- pmac.includes.cs_collection:
    mri_prefix: $(mri_prefix)
    pv_prefix: BL45P-MO-STEP-02
    cs: 1

- pmac.includes.trajectory_collection:
    mri_prefix: $(mri_prefix)
    pv_prefix: BL45P-MO-STEP-02
