- builtin.parameters.string:
    name: mri
    description: Malcolm resource id of the Block

- builtin.parameters.string:
    name: prefix
    description: The root PV for the all records

- builtin.controllers.StatefulController:
    mri: $(mri)

- ADCore.includes.adbase_parts:
    prefix: $(prefix)

- ca.parts.CADoublePart:
    name: pointsPerRow
    description: Number of points before xspress3 will reset buffers
    pv: $(prefix):PointsPerRow
    rbv_suffix: _RBV

